// !$*UTF8*$!
{
	archiveVersion = 1;
	classes = {
	};
	objectVersion = 56;
	objects = {

/* Begin PBXBuildFile section */
		256DF70A2B9DD0BC003BBA37 /* neraApp.swift in Sources */ = {isa = PBXBuildFile; fileRef = 256DF7092B9DD0BC003BBA37 /* neraApp.swift */; };
		256DF70C2B9DD0BC003BBA37 /* ContentView.swift in Sources */ = {isa = PBXBuildFile; fileRef = 256DF70B2B9DD0BC003BBA37 /* ContentView.swift */; };
		256DF70E2B9DD0BD003BBA37 /* Assets.xcassets in Resources */ = {isa = PBXBuildFile; fileRef = 256DF70D2B9DD0BD003BBA37 /* Assets.xcassets */; };
		256DF7112B9DD0BD003BBA37 /* Preview Assets.xcassets in Resources */ = {isa = PBXBuildFile; fileRef = 256DF7102B9DD0BD003BBA37 /* Preview Assets.xcassets */; };
		256DF71B2B9DD0BD003BBA37 /* neraTests.swift in Sources */ = {isa = PBXBuildFile; fileRef = 256DF71A2B9DD0BD003BBA37 /* neraTests.swift */; };
		256DF7252B9DD0BD003BBA37 /* neraUITests.swift in Sources */ = {isa = PBXBuildFile; fileRef = 256DF7242B9DD0BD003BBA37 /* neraUITests.swift */; };
		256DF7272B9DD0BD003BBA37 /* neraUITestsLaunchTests.swift in Sources */ = {isa = PBXBuildFile; fileRef = 256DF7262B9DD0BD003BBA37 /* neraUITestsLaunchTests.swift */; };
/* End PBXBuildFile section */

/* Begin PBXContainerItemProxy section */
		256DF7172B9DD0BD003BBA37 /* PBXContainerItemProxy */ = {
			isa = PBXContainerItemProxy;
			containerPortal = 256DF6FE2B9DD0BC003BBA37 /* Project object */;
			proxyType = 1;
			remoteGlobalIDString = 256DF7052B9DD0BC003BBA37;
			remoteInfo = nera;
		};
		256DF7212B9DD0BD003BBA37 /* PBXContainerItemProxy */ = {
			isa = PBXContainerItemProxy;
			containerPortal = 256DF6FE2B9DD0BC003BBA37 /* Project object */;
			proxyType = 1;
			remoteGlobalIDString = 256DF7052B9DD0BC003BBA37;
			remoteInfo = nera;
		};
/* End PBXContainerItemProxy section */

/* Begin PBXFileReference section */
		256DF7062B9DD0BC003BBA37 /* nera.app */ = {isa = PBXFileReference; explicitFileType = wrapper.application; includeInIndex = 0; path = nera.app; sourceTree = BUILT_PRODUCTS_DIR; };
		256DF7092B9DD0BC003BBA37 /* neraApp.swift */ = {isa = PBXFileReference; lastKnownFileType = sourcecode.swift; path = neraApp.swift; sourceTree = "<group>"; };
		256DF70B2B9DD0BC003BBA37 /* ContentView.swift */ = {isa = PBXFileReference; lastKnownFileType = sourcecode.swift; path = ContentView.swift; sourceTree = "<group>"; };
		256DF70D2B9DD0BD003BBA37 /* Assets.xcassets */ = {isa = PBXFileReference; lastKnownFileType = folder.assetcatalog; path = Assets.xcassets; sourceTree = "<group>"; };
		256DF7102B9DD0BD003BBA37 /* Preview Assets.xcassets */ = {isa = PBXFileReference; lastKnownFileType = folder.assetcatalog; path = "Preview Assets.xcassets"; sourceTree = "<group>"; };
		256DF7162B9DD0BD003BBA37 /* neraTests.xctest */ = {isa = PBXFileReference; explicitFileType = wrapper.cfbundle; includeInIndex = 0; path = neraTests.xctest; sourceTree = BUILT_PRODUCTS_DIR; };
		256DF71A2B9DD0BD003BBA37 /* neraTests.swift */ = {isa = PBXFileReference; lastKnownFileType = sourcecode.swift; path = neraTests.swift; sourceTree = "<group>"; };
		256DF7202B9DD0BD003BBA37 /* neraUITests.xctest */ = {isa = PBXFileReference; explicitFileType = wrapper.cfbundle; includeInIndex = 0; path = neraUITests.xctest; sourceTree = BUILT_PRODUCTS_DIR; };
		256DF7242B9DD0BD003BBA37 /* neraUITests.swift */ = {isa = PBXFileReference; lastKnownFileType = sourcecode.swift; path = neraUITests.swift; sourceTree = "<group>"; };
		256DF7262B9DD0BD003BBA37 /* neraUITestsLaunchTests.swift */ = {isa = PBXFileReference; lastKnownFileType = sourcecode.swift; path = neraUITestsLaunchTests.swift; sourceTree = "<group>"; };
/* End PBXFileReference section */

/* Begin PBXFrameworksBuildPhase section */
		256DF7032B9DD0BC003BBA37 /* Frameworks */ = {
			isa = PBXFrameworksBuildPhase;
			buildActionMask = 2147483647;
			files = (
			);
			runOnlyForDeploymentPostprocessing = 0;
		};
		256DF7132B9DD0BD003BBA37 /* Frameworks */ = {
			isa = PBXFrameworksBuildPhase;
			buildActionMask = 2147483647;
			files = (
			);
			runOnlyForDeploymentPostprocessing = 0;
		};
		256DF71D2B9DD0BD003BBA37 /* Frameworks */ = {
			isa = PBXFrameworksBuildPhase;
			buildActionMask = 2147483647;
			files = (
			);
			runOnlyForDeploymentPostprocessing = 0;
		};
/* End PBXFrameworksBuildPhase section */

/* Begin PBXGroup section */
		256DF6FD2B9DD0BC003BBA37 = {
			isa = PBXGroup;
			children = (
				256DF7082B9DD0BC003BBA37 /* nera */,
				256DF7192B9DD0BD003BBA37 /* neraTests */,
				256DF7232B9DD0BD003BBA37 /* neraUITests */,
				256DF7072B9DD0BC003BBA37 /* Products */,
			);
			sourceTree = "<group>";
		};
		256DF7072B9DD0BC003BBA37 /* Products */ = {
			isa = PBXGroup;
			children = (
				256DF7062B9DD0BC003BBA37 /* nera.app */,
				256DF7162B9DD0BD003BBA37 /* neraTests.xctest */,
				256DF7202B9DD0BD003BBA37 /* neraUITests.xctest */,
			);
			name = Products;
			sourceTree = "<group>";
		};
		256DF7082B9DD0BC003BBA37 /* nera */ = {
			isa = PBXGroup;
			children = (
				256DF7092B9DD0BC003BBA37 /* neraApp.swift */,
				256DF70B2B9DD0BC003BBA37 /* ContentView.swift */,
				256DF70D2B9DD0BD003BBA37 /* Assets.xcassets */,
				256DF70F2B9DD0BD003BBA37 /* Preview Content */,
			);
			path = nera;
			sourceTree = "<group>";
		};
		256DF70F2B9DD0BD003BBA37 /* Preview Content */ = {
			isa = PBXGroup;
			children = (
				256DF7102B9DD0BD003BBA37 /* Preview Assets.xcassets */,
			);
			path = "Preview Content";
			sourceTree = "<group>";
		};
		256DF7192B9DD0BD003BBA37 /* neraTests */ = {
			isa = PBXGroup;
			children = (
				256DF71A2B9DD0BD003BBA37 /* neraTests.swift */,
			);
			path = neraTests;
			sourceTree = "<group>";
		};
		256DF7232B9DD0BD003BBA37 /* neraUITests */ = {
			isa = PBXGroup;
			children = (
				256DF7242B9DD0BD003BBA37 /* neraUITests.swift */,
				256DF7262B9DD0BD003BBA37 /* neraUITestsLaunchTests.swift */,
			);
			path = neraUITests;
			sourceTree = "<group>";
		};
/* End PBXGroup section */

/* Begin PBXNativeTarget section */
		256DF7052B9DD0BC003BBA37 /* nera */ = {
			isa = PBXNativeTarget;
			buildConfigurationList = 256DF72A2B9DD0BD003BBA37 /* Build configuration list for PBXNativeTarget "nera" */;
			buildPhases = (
				256DF7022B9DD0BC003BBA37 /* Sources */,
				256DF7032B9DD0BC003BBA37 /* Frameworks */,
				256DF7042B9DD0BC003BBA37 /* Resources */,
			);
			buildRules = (
			);
			dependencies = (
			);
			name = nera;
			productName = nera;
			productReference = 256DF7062B9DD0BC003BBA37 /* nera.app */;
			productType = "com.apple.product-type.application";
		};
		256DF7152B9DD0BD003BBA37 /* neraTests */ = {
			isa = PBXNativeTarget;
			buildConfigurationList = 256DF72D2B9DD0BD003BBA37 /* Build configuration list for PBXNativeTarget "neraTests" */;
			buildPhases = (
				256DF7122B9DD0BD003BBA37 /* Sources */,
				256DF7132B9DD0BD003BBA37 /* Frameworks */,
				256DF7142B9DD0BD003BBA37 /* Resources */,
			);
			buildRules = (
			);
			dependencies = (
				256DF7182B9DD0BD003BBA37 /* PBXTargetDependency */,
			);
			name = neraTests;
			productName = neraTests;
			productReference = 256DF7162B9DD0BD003BBA37 /* neraTests.xctest */;
			productType = "com.apple.product-type.bundle.unit-test";
		};
		256DF71F2B9DD0BD003BBA37 /* neraUITests */ = {
			isa = PBXNativeTarget;
			buildConfigurationList = 256DF7302B9DD0BD003BBA37 /* Build configuration list for PBXNativeTarget "neraUITests" */;
			buildPhases = (
				256DF71C2B9DD0BD003BBA37 /* Sources */,
				256DF71D2B9DD0BD003BBA37 /* Frameworks */,
				256DF71E2B9DD0BD003BBA37 /* Resources */,
			);
			buildRules = (
			);
			dependencies = (
				256DF7222B9DD0BD003BBA37 /* PBXTargetDependency */,
			);
			name = neraUITests;
			productName = neraUITests;
			productReference = 256DF7202B9DD0BD003BBA37 /* neraUITests.xctest */;
			productType = "com.apple.product-type.bundle.ui-testing";
		};
/* End PBXNativeTarget section */

/* Begin PBXProject section */
		256DF6FE2B9DD0BC003BBA37 /* Project object */ = {
			isa = PBXProject;
			attributes = {
				BuildIndependentTargetsInParallel = 1;
				LastSwiftUpdateCheck = 1520;
				LastUpgradeCheck = 1520;
				TargetAttributes = {
					256DF7052B9DD0BC003BBA37 = {
						CreatedOnToolsVersion = 15.2;
					};
					256DF7152B9DD0BD003BBA37 = {
						CreatedOnToolsVersion = 15.2;
						TestTargetID = 256DF7052B9DD0BC003BBA37;
					};
					256DF71F2B9DD0BD003BBA37 = {
						CreatedOnToolsVersion = 15.2;
						TestTargetID = 256DF7052B9DD0BC003BBA37;
					};
				};
			};
			buildConfigurationList = 256DF7012B9DD0BC003BBA37 /* Build configuration list for PBXProject "nera" */;
			compatibilityVersion = "Xcode 14.0";
			developmentRegion = en;
			hasScannedForEncodings = 0;
			knownRegions = (
				en,
				Base,
			);
			mainGroup = 256DF6FD2B9DD0BC003BBA37;
			productRefGroup = 256DF7072B9DD0BC003BBA37 /* Products */;
			projectDirPath = "";
			projectRoot = "";
			targets = (
				256DF7052B9DD0BC003BBA37 /* nera */,
				256DF7152B9DD0BD003BBA37 /* neraTests */,
				256DF71F2B9DD0BD003BBA37 /* neraUITests */,
			);
		};
/* End PBXProject section */

/* Begin PBXResourcesBuildPhase section */
		256DF7042B9DD0BC003BBA37 /* Resources */ = {
			isa = PBXResourcesBuildPhase;
			buildActionMask = 2147483647;
			files = (
				256DF7112B9DD0BD003BBA37 /* Preview Assets.xcassets in Resources */,
				256DF70E2B9DD0BD003BBA37 /* Assets.xcassets in Resources */,
			);
			runOnlyForDeploymentPostprocessing = 0;
		};
		256DF7142B9DD0BD003BBA37 /* Resources */ = {
			isa = PBXResourcesBuildPhase;
			buildActionMask = 2147483647;
			files = (
			);
			runOnlyForDeploymentPostprocessing = 0;
		};
		256DF71E2B9DD0BD003BBA37 /* Resources */ = {
			isa = PBXResourcesBuildPhase;
			buildActionMask = 2147483647;
			files = (
			);
			runOnlyForDeploymentPostprocessing = 0;
		};
/* End PBXResourcesBuildPhase section */

/* Begin PBXSourcesBuildPhase section */
		256DF7022B9DD0BC003BBA37 /* Sources */ = {
			isa = PBXSourcesBuildPhase;
			buildActionMask = 2147483647;
			files = (
				256DF70C2B9DD0BC003BBA37 /* ContentView.swift in Sources */,
				256DF70A2B9DD0BC003BBA37 /* neraApp.swift in Sources */,
			);
			runOnlyForDeploymentPostprocessing = 0;
		};
		256DF7122B9DD0BD003BBA37 /* Sources */ = {
			isa = PBXSourcesBuildPhase;
			buildActionMask = 2147483647;
			files = (
				256DF71B2B9DD0BD003BBA37 /* neraTests.swift in Sources */,
			);
			runOnlyForDeploymentPostprocessing = 0;
		};
		256DF71C2B9DD0BD003BBA37 /* Sources */ = {
			isa = PBXSourcesBuildPhase;
			buildActionMask = 2147483647;
			files = (
				256DF7272B9DD0BD003BBA37 /* neraUITestsLaunchTests.swift in Sources */,
				256DF7252B9DD0BD003BBA37 /* neraUITests.swift in Sources */,
			);
			runOnlyForDeploymentPostprocessing = 0;
		};
/* End PBXSourcesBuildPhase section */

/* Begin PBXTargetDependency section */
		256DF7182B9DD0BD003BBA37 /* PBXTargetDependency */ = {
			isa = PBXTargetDependency;
			target = 256DF7052B9DD0BC003BBA37 /* nera */;
			targetProxy = 256DF7172B9DD0BD003BBA37 /* PBXContainerItemProxy */;
		};
		256DF7222B9DD0BD003BBA37 /* PBXTargetDependency */ = {
			isa = PBXTargetDependency;
			target = 256DF7052B9DD0BC003BBA37 /* nera */;
			targetProxy = 256DF7212B9DD0BD003BBA37 /* PBXContainerItemProxy */;
		};
/* End PBXTargetDependency section */

/* Begin XCBuildConfiguration section */
		256DF7282B9DD0BD003BBA37 /* Debug */ = {
			isa = XCBuildConfiguration;
			buildSettings = {
				ALWAYS_SEARCH_USER_PATHS = NO;
				ASSETCATALOG_COMPILER_GENERATE_SWIFT_ASSET_SYMBOL_EXTENSIONS = YES;
				CLANG_ANALYZER_NONNULL = YES;
				CLANG_ANALYZER_NUMBER_OBJECT_CONVERSION = YES_AGGRESSIVE;
				CLANG_CXX_LANGUAGE_STANDARD = "gnu++20";
				CLANG_ENABLE_MODULES = YES;
				CLANG_ENABLE_OBJC_ARC = YES;
				CLANG_ENABLE_OBJC_WEAK = YES;
				CLANG_WARN_BLOCK_CAPTURE_AUTORELEASING = YES;
				CLANG_WARN_BOOL_CONVERSION = YES;
				CLANG_WARN_COMMA = YES;
				CLANG_WARN_CONSTANT_CONVERSION = YES;
				CLANG_WARN_DEPRECATED_OBJC_IMPLEMENTATIONS = YES;
				CLANG_WARN_DIRECT_OBJC_ISA_USAGE = YES_ERROR;
				CLANG_WARN_DOCUMENTATION_COMMENTS = YES;
				CLANG_WARN_EMPTY_BODY = YES;
				CLANG_WARN_ENUM_CONVERSION = YES;
				CLANG_WARN_INFINITE_RECURSION = YES;
				CLANG_WARN_INT_CONVERSION = YES;
				CLANG_WARN_NON_LITERAL_NULL_CONVERSION = YES;
				CLANG_WARN_OBJC_IMPLICIT_RETAIN_SELF = YES;
				CLANG_WARN_OBJC_LITERAL_CONVERSION = YES;
				CLANG_WARN_OBJC_ROOT_CLASS = YES_ERROR;
				CLANG_WARN_QUOTED_INCLUDE_IN_FRAMEWORK_HEADER = YES;
				CLANG_WARN_RANGE_LOOP_ANALYSIS = YES;
				CLANG_WARN_STRICT_PROTOTYPES = YES;
				CLANG_WARN_SUSPICIOUS_MOVE = YES;
				CLANG_WARN_UNGUARDED_AVAILABILITY = YES_AGGRESSIVE;
				CLANG_WARN_UNREACHABLE_CODE = YES;
				CLANG_WARN__DUPLICATE_METHOD_MATCH = YES;
				COPY_PHASE_STRIP = NO;
				DEBUG_INFORMATION_FORMAT = dwarf;
				ENABLE_STRICT_OBJC_MSGSEND = YES;
				ENABLE_TESTABILITY = YES;
				ENABLE_USER_SCRIPT_SANDBOXING = YES;
				GCC_C_LANGUAGE_STANDARD = gnu17;
				GCC_DYNAMIC_NO_PIC = NO;
				GCC_NO_COMMON_BLOCKS = YES;
				GCC_OPTIMIZATION_LEVEL = 0;
				GCC_PREPROCESSOR_DEFINITIONS = (
					"DEBUG=1",
					"$(inherited)",
				);
				GCC_WARN_64_TO_32_BIT_CONVERSION = YES;
				GCC_WARN_ABOUT_RETURN_TYPE = YES_ERROR;
				GCC_WARN_UNDECLARED_SELECTOR = YES;
				GCC_WARN_UNINITIALIZED_AUTOS = YES_AGGRESSIVE;
				GCC_WARN_UNUSED_FUNCTION = YES;
				GCC_WARN_UNUSED_VARIABLE = YES;
				IPHONEOS_DEPLOYMENT_TARGET = 17.2;
				LOCALIZATION_PREFERS_STRING_CATALOGS = YES;
				MTL_ENABLE_DEBUG_INFO = INCLUDE_SOURCE;
				MTL_FAST_MATH = YES;
				ONLY_ACTIVE_ARCH = YES;
				SDKROOT = iphoneos;
				SWIFT_ACTIVE_COMPILATION_CONDITIONS = "DEBUG $(inherited)";
				SWIFT_OPTIMIZATION_LEVEL = "-Onone";
			};
			name = Debug;
		};
		256DF7292B9DD0BD003BBA37 /* Release */ = {
			isa = XCBuildConfiguration;
			buildSettings = {
				ALWAYS_SEARCH_USER_PATHS = NO;
				ASSETCATALOG_COMPILER_GENERATE_SWIFT_ASSET_SYMBOL_EXTENSIONS = YES;
				CLANG_ANALYZER_NONNULL = YES;
				CLANG_ANALYZER_NUMBER_OBJECT_CONVERSION = YES_AGGRESSIVE;
				CLANG_CXX_LANGUAGE_STANDARD = "gnu++20";
				CLANG_ENABLE_MODULES = YES;
				CLANG_ENABLE_OBJC_ARC = YES;
				CLANG_ENABLE_OBJC_WEAK = YES;
				CLANG_WARN_BLOCK_CAPTURE_AUTORELEASING = YES;
				CLANG_WARN_BOOL_CONVERSION = YES;
				CLANG_WARN_COMMA = YES;
				CLANG_WARN_CONSTANT_CONVERSION = YES;
				CLANG_WARN_DEPRECATED_OBJC_IMPLEMENTATIONS = YES;
				CLANG_WARN_DIRECT_OBJC_ISA_USAGE = YES_ERROR;
				CLANG_WARN_DOCUMENTATION_COMMENTS = YES;
				CLANG_WARN_EMPTY_BODY = YES;
				CLANG_WARN_ENUM_CONVERSION = YES;
				CLANG_WARN_INFINITE_RECURSION = YES;
				CLANG_WARN_INT_CONVERSION = YES;
				CLANG_WARN_NON_LITERAL_NULL_CONVERSION = YES;
				CLANG_WARN_OBJC_IMPLICIT_RETAIN_SELF = YES;
				CLANG_WARN_OBJC_LITERAL_CONVERSION = YES;
				CLANG_WARN_OBJC_ROOT_CLASS = YES_ERROR;
				CLANG_WARN_QUOTED_INCLUDE_IN_FRAMEWORK_HEADER = YES;
				CLANG_WARN_RANGE_LOOP_ANALYSIS = YES;
				CLANG_WARN_STRICT_PROTOTYPES = YES;
				CLANG_WARN_SUSPICIOUS_MOVE = YES;
				CLANG_WARN_UNGUARDED_AVAILABILITY = YES_AGGRESSIVE;
				CLANG_WARN_UNREACHABLE_CODE = YES;
				CLANG_WARN__DUPLICATE_METHOD_MATCH = YES;
				COPY_PHASE_STRIP = NO;
				DEBUG_INFORMATION_FORMAT = "dwarf-with-dsym";
				ENABLE_NS_ASSERTIONS = NO;
				ENABLE_STRICT_OBJC_MSGSEND = YES;
				ENABLE_USER_SCRIPT_SANDBOXING = YES;
				GCC_C_LANGUAGE_STANDARD = gnu17;
				GCC_NO_COMMON_BLOCKS = YES;
				GCC_WARN_64_TO_32_BIT_CONVERSION = YES;
				GCC_WARN_ABOUT_RETURN_TYPE = YES_ERROR;
				GCC_WARN_UNDECLARED_SELECTOR = YES;
				GCC_WARN_UNINITIALIZED_AUTOS = YES_AGGRESSIVE;
				GCC_WARN_UNUSED_FUNCTION = YES;
				GCC_WARN_UNUSED_VARIABLE = YES;
				IPHONEOS_DEPLOYMENT_TARGET = 17.2;
				LOCALIZATION_PREFERS_STRING_CATALOGS = YES;
				MTL_ENABLE_DEBUG_INFO = NO;
				MTL_FAST_MATH = YES;
				SDKROOT = iphoneos;
				SWIFT_COMPILATION_MODE = wholemodule;
				VALIDATE_PRODUCT = YES;
			};
			name = Release;
		};
		256DF72B2B9DD0BD003BBA37 /* Debug */ = {
			isa = XCBuildConfiguration;
			buildSettings = {
				ASSETCATALOG_COMPILER_APPICON_NAME = AppIcon;
				ASSETCATALOG_COMPILER_GLOBAL_ACCENT_COLOR_NAME = AccentColor;
				CODE_SIGN_STYLE = Automatic;
				CURRENT_PROJECT_VERSION = 1;
				DEVELOPMENT_ASSET_PATHS = "\"nera/Preview Content\"";
				DEVELOPMENT_TEAM = T449ARP5A2;
				ENABLE_PREVIEWS = YES;
				GENERATE_INFOPLIST_FILE = YES;
				INFOPLIST_KEY_UIApplicationSceneManifest_Generation = YES;
				INFOPLIST_KEY_UIApplicationSupportsIndirectInputEvents = YES;
				INFOPLIST_KEY_UILaunchScreen_Generation = YES;
				INFOPLIST_KEY_UISupportedInterfaceOrientations_iPad = "UIInterfaceOrientationPortrait UIInterfaceOrientationPortraitUpsideDown UIInterfaceOrientationLandscapeLeft UIInterfaceOrientationLandscapeRight";
				INFOPLIST_KEY_UISupportedInterfaceOrientations_iPhone = "UIInterfaceOrientationPortrait UIInterfaceOrientationLandscapeLeft UIInterfaceOrientationLandscapeRight";
				LD_RUNPATH_SEARCH_PATHS = (
					"$(inherited)",
					"@executable_path/Frameworks",
				);
				MARKETING_VERSION = 1.0;
				PRODUCT_BUNDLE_IDENTIFIER = com.barnamehnevis.nera;
				PRODUCT_NAME = "$(TARGET_NAME)";
				SWIFT_EMIT_LOC_STRINGS = YES;
				SWIFT_VERSION = 5.0;
				TARGETED_DEVICE_FAMILY = "1,2";
			};
			name = Debug;
		};
		256DF72C2B9DD0BD003BBA37 /* Release */ = {
			isa = XCBuildConfiguration;
			buildSettings = {
				ASSETCATALOG_COMPILER_APPICON_NAME = AppIcon;
				ASSETCATALOG_COMPILER_GLOBAL_ACCENT_COLOR_NAME = AccentColor;
				CODE_SIGN_STYLE = Automatic;
				CURRENT_PROJECT_VERSION = 1;
				DEVELOPMENT_ASSET_PATHS = "\"nera/Preview Content\"";
				DEVELOPMENT_TEAM = T449ARP5A2;
				ENABLE_PREVIEWS = YES;
				GENERATE_INFOPLIST_FILE = YES;
				INFOPLIST_KEY_UIApplicationSceneManifest_Generation = YES;
				INFOPLIST_KEY_UIApplicationSupportsIndirectInputEvents = YES;
				INFOPLIST_KEY_UILaunchScreen_Generation = YES;
				INFOPLIST_KEY_UISupportedInterfaceOrientations_iPad = "UIInterfaceOrientationPortrait UIInterfaceOrientationPortraitUpsideDown UIInterfaceOrientationLandscapeLeft UIInterfaceOrientationLandscapeRight";
				INFOPLIST_KEY_UISupportedInterfaceOrientations_iPhone = "UIInterfaceOrientationPortrait UIInterfaceOrientationLandscapeLeft UIInterfaceOrientationLandscapeRight";
				LD_RUNPATH_SEARCH_PATHS = (
					"$(inherited)",
					"@executable_path/Frameworks",
				);
				MARKETING_VERSION = 1.0;
				PRODUCT_BUNDLE_IDENTIFIER = com.barnamehnevis.nera;
				PRODUCT_NAME = "$(TARGET_NAME)";
				SWIFT_EMIT_LOC_STRINGS = YES;
				SWIFT_VERSION = 5.0;
				TARGETED_DEVICE_FAMILY = "1,2";
			};
			name = Release;
		};
		256DF72E2B9DD0BD003BBA37 /* Debug */ = {
			isa = XCBuildConfiguration;
			buildSettings = {
				ALWAYS_EMBED_SWIFT_STANDARD_LIBRARIES = YES;
				BUNDLE_LOADER = "$(TEST_HOST)";
				CODE_SIGN_STYLE = Automatic;
				CURRENT_PROJECT_VERSION = 1;
				DEVELOPMENT_TEAM = T449ARP5A2;
				GENERATE_INFOPLIST_FILE = YES;
				IPHONEOS_DEPLOYMENT_TARGET = 17.2;
				MARKETING_VERSION = 1.0;
				PRODUCT_BUNDLE_IDENTIFIER = com.barnamehnevis.neraTests;
				PRODUCT_NAME = "$(TARGET_NAME)";
				SWIFT_EMIT_LOC_STRINGS = NO;
				SWIFT_VERSION = 5.0;
				TARGETED_DEVICE_FAMILY = "1,2";
				TEST_HOST = "$(BUILT_PRODUCTS_DIR)/nera.app/$(BUNDLE_EXECUTABLE_FOLDER_PATH)/nera";
			};
			name = Debug;
		};
		256DF72F2B9DD0BD003BBA37 /* Release */ = {
			isa = XCBuildConfiguration;
			buildSettings = {
				ALWAYS_EMBED_SWIFT_STANDARD_LIBRARIES = YES;
				BUNDLE_LOADER = "$(TEST_HOST)";
				CODE_SIGN_STYLE = Automatic;
				CURRENT_PROJECT_VERSION = 1;
				DEVELOPMENT_TEAM = T449ARP5A2;
				GENERATE_INFOPLIST_FILE = YES;
				IPHONEOS_DEPLOYMENT_TARGET = 17.2;
				MARKETING_VERSION = 1.0;
				PRODUCT_BUNDLE_IDENTIFIER = com.barnamehnevis.neraTests;
				PRODUCT_NAME = "$(TARGET_NAME)";
				SWIFT_EMIT_LOC_STRINGS = NO;
				SWIFT_VERSION = 5.0;
				TARGETED_DEVICE_FAMILY = "1,2";
				TEST_HOST = "$(BUILT_PRODUCTS_DIR)/nera.app/$(BUNDLE_EXECUTABLE_FOLDER_PATH)/nera";
			};
			name = Release;
		};
		256DF7312B9DD0BD003BBA37 /* Debug */ = {
			isa = XCBuildConfiguration;
			buildSettings = {
				ALWAYS_EMBED_SWIFT_STANDARD_LIBRARIES = YES;
				CODE_SIGN_STYLE = Automatic;
				CURRENT_PROJECT_VERSION = 1;
				DEVELOPMENT_TEAM = T449ARP5A2;
				GENERATE_INFOPLIST_FILE = YES;
				MARKETING_VERSION = 1.0;
				PRODUCT_BUNDLE_IDENTIFIER = com.barnamehnevis.neraUITests;
				PRODUCT_NAME = "$(TARGET_NAME)";
				SWIFT_EMIT_LOC_STRINGS = NO;
				SWIFT_VERSION = 5.0;
				TARGETED_DEVICE_FAMILY = "1,2";
				TEST_TARGET_NAME = nera;
			};
			name = Debug;
		};
		256DF7322B9DD0BD003BBA37 /* Release */ = {
			isa = XCBuildConfiguration;
			buildSettings = {
				ALWAYS_EMBED_SWIFT_STANDARD_LIBRARIES = YES;
				CODE_SIGN_STYLE = Automatic;
				CURRENT_PROJECT_VERSION = 1;
				DEVELOPMENT_TEAM = T449ARP5A2;
				GENERATE_INFOPLIST_FILE = YES;
				MARKETING_VERSION = 1.0;
				PRODUCT_BUNDLE_IDENTIFIER = com.barnamehnevis.neraUITests;
				PRODUCT_NAME = "$(TARGET_NAME)";
				SWIFT_EMIT_LOC_STRINGS = NO;
				SWIFT_VERSION = 5.0;
				TARGETED_DEVICE_FAMILY = "1,2";
				TEST_TARGET_NAME = nera;
			};
			name = Release;
		};
/* End XCBuildConfiguration section */

/* Begin XCConfigurationList section */
		256DF7012B9DD0BC003BBA37 /* Build configuration list for PBXProject "nera" */ = {
			isa = XCConfigurationList;
			buildConfigurations = (
				256DF7282B9DD0BD003BBA37 /* Debug */,
				256DF7292B9DD0BD003BBA37 /* Release */,
			);
			defaultConfigurationIsVisible = 0;
			defaultConfigurationName = Release;
		};
		256DF72A2B9DD0BD003BBA37 /* Build configuration list for PBXNativeTarget "nera" */ = {
			isa = XCConfigurationList;
			buildConfigurations = (
				256DF72B2B9DD0BD003BBA37 /* Debug */,
				256DF72C2B9DD0BD003BBA37 /* Release */,
			);
			defaultConfigurationIsVisible = 0;
			defaultConfigurationName = Release;
		};
		256DF72D2B9DD0BD003BBA37 /* Build configuration list for PBXNativeTarget "neraTests" */ = {
			isa = XCConfigurationList;
			buildConfigurations = (
				256DF72E2B9DD0BD003BBA37 /* Debug */,
				256DF72F2B9DD0BD003BBA37 /* Release */,
			);
			defaultConfigurationIsVisible = 0;
			defaultConfigurationName = Release;
		};
		256DF7302B9DD0BD003BBA37 /* Build configuration list for PBXNativeTarget "neraUITests" */ = {
			isa = XCConfigurationList;
			buildConfigurations = (
				256DF7312B9DD0BD003BBA37 /* Debug */,
				256DF7322B9DD0BD003BBA37 /* Release */,
			);
			defaultConfigurationIsVisible = 0;
			defaultConfigurationName = Release;
		};
/* End XCConfigurationList section */
	};
	rootObject = 256DF6FE2B9DD0BC003BBA37 /* Project object */;
}
